// !$*UTF8*$!
{
	archiveVersion = 1;
	classes = {
	};
	objectVersion = 50;
	objects = {

/* Begin PBXBuildFile section */
		954050FB22D22BC400D7BB62 /* BorderedButton.swift in Sources */ = {isa = PBXBuildFile; fileRef = 954050FA22D22BC400D7BB62 /* BorderedButton.swift */; };
		954050FD22D232FF00D7BB62 /* SearchAddViewController.swift in Sources */ = {isa = PBXBuildFile; fileRef = 954050FC22D232FF00D7BB62 /* SearchAddViewController.swift */; };
		954050FF22D2331B00D7BB62 /* SearchFinishViewController.swift in Sources */ = {isa = PBXBuildFile; fileRef = 954050FE22D2331B00D7BB62 /* SearchFinishViewController.swift */; };
		9540510422D2425300D7BB62 /* Url.swift in Sources */ = {isa = PBXBuildFile; fileRef = 9540510322D2425300D7BB62 /* Url.swift */; };
		9547BC9522C1A7800038FAA6 /* AppDelegate.swift in Sources */ = {isa = PBXBuildFile; fileRef = 9547BC9422C1A7800038FAA6 /* AppDelegate.swift */; };
		9547BC9722C1A7800038FAA6 /* MapViewController.swift in Sources */ = {isa = PBXBuildFile; fileRef = 9547BC9622C1A7800038FAA6 /* MapViewController.swift */; };
		9547BC9A22C1A7800038FAA6 /* Main.storyboard in Resources */ = {isa = PBXBuildFile; fileRef = 9547BC9822C1A7800038FAA6 /* Main.storyboard */; };
		9547BC9C22C1A7820038FAA6 /* Assets.xcassets in Resources */ = {isa = PBXBuildFile; fileRef = 9547BC9B22C1A7820038FAA6 /* Assets.xcassets */; };
		9547BC9F22C1A7820038FAA6 /* LaunchScreen.storyboard in Resources */ = {isa = PBXBuildFile; fileRef = 9547BC9D22C1A7820038FAA6 /* LaunchScreen.storyboard */; };
		9547BCA922C991FA0038FAA6 /* Parse.swift in Sources */ = {isa = PBXBuildFile; fileRef = 9547BCA822C991FA0038FAA6 /* Parse.swift */; };
		9547BCAC22C9A5550038FAA6 /* StudentInformation.swift in Sources */ = {isa = PBXBuildFile; fileRef = 9547BCAB22C9A5550038FAA6 /* StudentInformation.swift */; };
		9547BCAE22C9A81E0038FAA6 /* Udacity.swift in Sources */ = {isa = PBXBuildFile; fileRef = 9547BCAD22C9A81E0038FAA6 /* Udacity.swift */; };
		9547BCB022C9AB1C0038FAA6 /* ParseConvenience.swift in Sources */ = {isa = PBXBuildFile; fileRef = 9547BCAF22C9AB1C0038FAA6 /* ParseConvenience.swift */; };
		9547BCB222C9ADE30038FAA6 /* Client.swift in Sources */ = {isa = PBXBuildFile; fileRef = 9547BCB122C9ADE30038FAA6 /* Client.swift */; };
		9547BCB422CAEC490038FAA6 /* LoginViewController.swift in Sources */ = {isa = PBXBuildFile; fileRef = 9547BCB322CAEC490038FAA6 /* LoginViewController.swift */; };
		9547BCB622CAED8A0038FAA6 /* UdacityConvenience.swift in Sources */ = {isa = PBXBuildFile; fileRef = 9547BCB522CAED8A0038FAA6 /* UdacityConvenience.swift */; };
		95534DF822CF7533004DFB03 /* GCDBlackBox.swift in Sources */ = {isa = PBXBuildFile; fileRef = 95534DF722CF7533004DFB03 /* GCDBlackBox.swift */; };
		9563FD0C22D3E701005B7CF7 /* Alert.swift in Sources */ = {isa = PBXBuildFile; fileRef = 9563FD0B22D3E701005B7CF7 /* Alert.swift */; };
		9563FD0E22D3E71D005B7CF7 /* Spinner.swift in Sources */ = {isa = PBXBuildFile; fileRef = 9563FD0D22D3E71D005B7CF7 /* Spinner.swift */; };
		957B8E6E22D4FB5E00371F62 /* StudentLocations.swift in Sources */ = {isa = PBXBuildFile; fileRef = 957B8E6D22D4FB5E00371F62 /* StudentLocations.swift */; };
		95BFF4CC22CD770A002F00DD /* Constants.swift in Sources */ = {isa = PBXBuildFile; fileRef = 95BFF4CB22CD770A002F00DD /* Constants.swift */; };
		95D1B10222D01E6100051EC6 /* TabBarViewController.swift in Sources */ = {isa = PBXBuildFile; fileRef = 95D1B10122D01E6100051EC6 /* TabBarViewController.swift */; };
		95D1B10522D0282A00051EC6 /* Notification.Name.swift in Sources */ = {isa = PBXBuildFile; fileRef = 95D1B10422D0282A00051EC6 /* Notification.Name.swift */; };
		95D1B10722D03F3300051EC6 /* TableViewController.swift in Sources */ = {isa = PBXBuildFile; fileRef = 95D1B10622D03F3300051EC6 /* TableViewController.swift */; };
		95D1B10922D0482A00051EC6 /* TableViewCell.swift in Sources */ = {isa = PBXBuildFile; fileRef = 95D1B10822D0482A00051EC6 /* TableViewCell.swift */; };
/* End PBXBuildFile section */

/* Begin PBXFileReference section */
		954050FA22D22BC400D7BB62 /* BorderedButton.swift */ = {isa = PBXFileReference; lastKnownFileType = sourcecode.swift; path = BorderedButton.swift; sourceTree = "<group>"; };
		954050FC22D232FF00D7BB62 /* SearchAddViewController.swift */ = {isa = PBXFileReference; lastKnownFileType = sourcecode.swift; path = SearchAddViewController.swift; sourceTree = "<group>"; };
		954050FE22D2331B00D7BB62 /* SearchFinishViewController.swift */ = {isa = PBXFileReference; lastKnownFileType = sourcecode.swift; path = SearchFinishViewController.swift; sourceTree = "<group>"; };
		9540510322D2425300D7BB62 /* Url.swift */ = {isa = PBXFileReference; lastKnownFileType = sourcecode.swift; path = Url.swift; sourceTree = "<group>"; };
		9547BC9122C1A7800038FAA6 /* OnTheMap.app */ = {isa = PBXFileReference; explicitFileType = wrapper.application; includeInIndex = 0; path = OnTheMap.app; sourceTree = BUILT_PRODUCTS_DIR; };
		9547BC9422C1A7800038FAA6 /* AppDelegate.swift */ = {isa = PBXFileReference; lastKnownFileType = sourcecode.swift; path = AppDelegate.swift; sourceTree = "<group>"; };
		9547BC9622C1A7800038FAA6 /* MapViewController.swift */ = {isa = PBXFileReference; lastKnownFileType = sourcecode.swift; path = MapViewController.swift; sourceTree = "<group>"; };
		9547BC9922C1A7800038FAA6 /* Base */ = {isa = PBXFileReference; lastKnownFileType = file.storyboard; name = Base; path = Base.lproj/Main.storyboard; sourceTree = "<group>"; };
		9547BC9B22C1A7820038FAA6 /* Assets.xcassets */ = {isa = PBXFileReference; lastKnownFileType = folder.assetcatalog; path = Assets.xcassets; sourceTree = "<group>"; };
		9547BC9E22C1A7820038FAA6 /* Base */ = {isa = PBXFileReference; lastKnownFileType = file.storyboard; name = Base; path = Base.lproj/LaunchScreen.storyboard; sourceTree = "<group>"; };
		9547BCA022C1A7820038FAA6 /* Info.plist */ = {isa = PBXFileReference; lastKnownFileType = text.plist.xml; path = Info.plist; sourceTree = "<group>"; };
		9547BCA822C991FA0038FAA6 /* Parse.swift */ = {isa = PBXFileReference; lastKnownFileType = sourcecode.swift; path = Parse.swift; sourceTree = "<group>"; };
		9547BCAB22C9A5550038FAA6 /* StudentInformation.swift */ = {isa = PBXFileReference; lastKnownFileType = sourcecode.swift; path = StudentInformation.swift; sourceTree = "<group>"; };
		9547BCAD22C9A81E0038FAA6 /* Udacity.swift */ = {isa = PBXFileReference; lastKnownFileType = sourcecode.swift; path = Udacity.swift; sourceTree = "<group>"; };
		9547BCAF22C9AB1C0038FAA6 /* ParseConvenience.swift */ = {isa = PBXFileReference; lastKnownFileType = sourcecode.swift; path = ParseConvenience.swift; sourceTree = "<group>"; };
		9547BCB122C9ADE30038FAA6 /* Client.swift */ = {isa = PBXFileReference; lastKnownFileType = sourcecode.swift; path = Client.swift; sourceTree = "<group>"; };
		9547BCB322CAEC490038FAA6 /* LoginViewController.swift */ = {isa = PBXFileReference; lastKnownFileType = sourcecode.swift; path = LoginViewController.swift; sourceTree = "<group>"; };
		9547BCB522CAED8A0038FAA6 /* UdacityConvenience.swift */ = {isa = PBXFileReference; lastKnownFileType = sourcecode.swift; path = UdacityConvenience.swift; sourceTree = "<group>"; };
		95534DF722CF7533004DFB03 /* GCDBlackBox.swift */ = {isa = PBXFileReference; lastKnownFileType = sourcecode.swift; path = GCDBlackBox.swift; sourceTree = "<group>"; };
		9563FD0B22D3E701005B7CF7 /* Alert.swift */ = {isa = PBXFileReference; lastKnownFileType = sourcecode.swift; path = Alert.swift; sourceTree = "<group>"; };
		9563FD0D22D3E71D005B7CF7 /* Spinner.swift */ = {isa = PBXFileReference; lastKnownFileType = sourcecode.swift; path = Spinner.swift; sourceTree = "<group>"; };
		957B8E6D22D4FB5E00371F62 /* StudentLocations.swift */ = {isa = PBXFileReference; lastKnownFileType = sourcecode.swift; path = StudentLocations.swift; sourceTree = "<group>"; };
		95BFF4CB22CD770A002F00DD /* Constants.swift */ = {isa = PBXFileReference; lastKnownFileType = sourcecode.swift; path = Constants.swift; sourceTree = "<group>"; };
		95D1B10122D01E6100051EC6 /* TabBarViewController.swift */ = {isa = PBXFileReference; lastKnownFileType = sourcecode.swift; path = TabBarViewController.swift; sourceTree = "<group>"; };
		95D1B10422D0282A00051EC6 /* Notification.Name.swift */ = {isa = PBXFileReference; lastKnownFileType = sourcecode.swift; path = Notification.Name.swift; sourceTree = "<group>"; };
		95D1B10622D03F3300051EC6 /* TableViewController.swift */ = {isa = PBXFileReference; lastKnownFileType = sourcecode.swift; path = TableViewController.swift; sourceTree = "<group>"; };
		95D1B10822D0482A00051EC6 /* TableViewCell.swift */ = {isa = PBXFileReference; lastKnownFileType = sourcecode.swift; path = TableViewCell.swift; sourceTree = "<group>"; };
/* End PBXFileReference section */

/* Begin PBXFrameworksBuildPhase section */
		9547BC8E22C1A7800038FAA6 /* Frameworks */ = {
			isa = PBXFrameworksBuildPhase;
			buildActionMask = 2147483647;
			files = (
			);
			runOnlyForDeploymentPostprocessing = 0;
		};
/* End PBXFrameworksBuildPhase section */

/* Begin PBXGroup section */
		954050F922D22BA200D7BB62 /* View */ = {
			isa = PBXGroup;
			children = (
				954050FA22D22BC400D7BB62 /* BorderedButton.swift */,
			);
			path = View;
			sourceTree = "<group>";
		};
		9540510022D233F600D7BB62 /* Model */ = {
			isa = PBXGroup;
			children = (
				9547BCAB22C9A5550038FAA6 /* StudentInformation.swift */,
				957B8E6D22D4FB5E00371F62 /* StudentLocations.swift */,
			);
			path = Model;
			sourceTree = "<group>";
		};
		9540510122D2342400D7BB62 /* Controller */ = {
			isa = PBXGroup;
			children = (
				95D1B10322D0281000051EC6 /* Extensions */,
				9547BC9422C1A7800038FAA6 /* AppDelegate.swift */,
				9547BCB322CAEC490038FAA6 /* LoginViewController.swift */,
				95D1B10122D01E6100051EC6 /* TabBarViewController.swift */,
				9547BC9622C1A7800038FAA6 /* MapViewController.swift */,
				95D1B10622D03F3300051EC6 /* TableViewController.swift */,
				95D1B10822D0482A00051EC6 /* TableViewCell.swift */,
				954050FC22D232FF00D7BB62 /* SearchAddViewController.swift */,
				954050FE22D2331B00D7BB62 /* SearchFinishViewController.swift */,
			);
			path = Controller;
			sourceTree = "<group>";
		};
		9540510222D2423900D7BB62 /* Utilities */ = {
			isa = PBXGroup;
			children = (
				9563FD0B22D3E701005B7CF7 /* Alert.swift */,
				95534DF722CF7533004DFB03 /* GCDBlackBox.swift */,
				9563FD0D22D3E71D005B7CF7 /* Spinner.swift */,
				9540510322D2425300D7BB62 /* Url.swift */,
			);
			path = Utilities;
			sourceTree = "<group>";
		};
		9547BC8822C1A7800038FAA6 = {
			isa = PBXGroup;
			children = (
				9547BC9322C1A7800038FAA6 /* OnTheMap */,
				9547BC9222C1A7800038FAA6 /* Products */,
			);
			sourceTree = "<group>";
		};
		9547BC9222C1A7800038FAA6 /* Products */ = {
			isa = PBXGroup;
			children = (
				9547BC9122C1A7800038FAA6 /* OnTheMap.app */,
			);
			name = Products;
			sourceTree = "<group>";
		};
		9547BC9322C1A7800038FAA6 /* OnTheMap */ = {
			isa = PBXGroup;
			children = (
				9547BCA622C991CC0038FAA6 /* API */,
				9540510022D233F600D7BB62 /* Model */,
				954050F922D22BA200D7BB62 /* View */,
				9540510122D2342400D7BB62 /* Controller */,
				9540510222D2423900D7BB62 /* Utilities */,
				9547BC9B22C1A7820038FAA6 /* Assets.xcassets */,
				9547BC9822C1A7800038FAA6 /* Main.storyboard */,
				9547BC9D22C1A7820038FAA6 /* LaunchScreen.storyboard */,
				9547BCA022C1A7820038FAA6 /* Info.plist */,
			);
			path = OnTheMap;
			sourceTree = "<group>";
		};
		9547BCA622C991CC0038FAA6 /* API */ = {
			isa = PBXGroup;
			children = (
				9547BCB122C9ADE30038FAA6 /* Client.swift */,
				95BFF4CB22CD770A002F00DD /* Constants.swift */,
				9547BCAA22C9A5430038FAA6 /* Parse */,
				9547BCA722C991E90038FAA6 /* Udacity */,
			);
			path = API;
			sourceTree = "<group>";
		};
		9547BCA722C991E90038FAA6 /* Udacity */ = {
			isa = PBXGroup;
			children = (
				9547BCAD22C9A81E0038FAA6 /* Udacity.swift */,
				9547BCB522CAED8A0038FAA6 /* UdacityConvenience.swift */,
			);
			path = Udacity;
			sourceTree = "<group>";
		};
		9547BCAA22C9A5430038FAA6 /* Parse */ = {
			isa = PBXGroup;
			children = (
				9547BCA822C991FA0038FAA6 /* Parse.swift */,
				9547BCAF22C9AB1C0038FAA6 /* ParseConvenience.swift */,
			);
			path = Parse;
			sourceTree = "<group>";
		};
		95D1B10322D0281000051EC6 /* Extensions */ = {
			isa = PBXGroup;
			children = (
				95D1B10422D0282A00051EC6 /* Notification.Name.swift */,
			);
			path = Extensions;
			sourceTree = "<group>";
		};
/* End PBXGroup section */

/* Begin PBXNativeTarget section */
		9547BC9022C1A7800038FAA6 /* OnTheMap */ = {
			isa = PBXNativeTarget;
			buildConfigurationList = 9547BCA322C1A7820038FAA6 /* Build configuration list for PBXNativeTarget "OnTheMap" */;
			buildPhases = (
				9547BC8D22C1A7800038FAA6 /* Sources */,
				9547BC8E22C1A7800038FAA6 /* Frameworks */,
				9547BC8F22C1A7800038FAA6 /* Resources */,
			);
			buildRules = (
			);
			dependencies = (
			);
			name = OnTheMap;
			productName = OnTheMap;
			productReference = 9547BC9122C1A7800038FAA6 /* OnTheMap.app */;
			productType = "com.apple.product-type.application";
		};
/* End PBXNativeTarget section */

/* Begin PBXProject section */
		9547BC8922C1A7800038FAA6 /* Project object */ = {
			isa = PBXProject;
			attributes = {
				LastSwiftUpdateCheck = 1020;
				LastUpgradeCheck = 1020;
				ORGANIZATIONNAME = "Edward Morton";
				TargetAttributes = {
					9547BC9022C1A7800038FAA6 = {
						CreatedOnToolsVersion = 10.2.1;
					};
				};
			};
			buildConfigurationList = 9547BC8C22C1A7800038FAA6 /* Build configuration list for PBXProject "OnTheMap" */;
			compatibilityVersion = "Xcode 9.3";
			developmentRegion = en;
			hasScannedForEncodings = 0;
			knownRegions = (
				en,
				Base,
			);
			mainGroup = 9547BC8822C1A7800038FAA6;
			productRefGroup = 9547BC9222C1A7800038FAA6 /* Products */;
			projectDirPath = "";
			projectRoot = "";
			targets = (
				9547BC9022C1A7800038FAA6 /* OnTheMap */,
			);
		};
/* End PBXProject section */

/* Begin PBXResourcesBuildPhase section */
		9547BC8F22C1A7800038FAA6 /* Resources */ = {
			isa = PBXResourcesBuildPhase;
			buildActionMask = 2147483647;
			files = (
				9547BC9F22C1A7820038FAA6 /* LaunchScreen.storyboard in Resources */,
				9547BC9C22C1A7820038FAA6 /* Assets.xcassets in Resources */,
				9547BC9A22C1A7800038FAA6 /* Main.storyboard in Resources */,
			);
			runOnlyForDeploymentPostprocessing = 0;
		};
/* End PBXResourcesBuildPhase section */

/* Begin PBXSourcesBuildPhase section */
		9547BC8D22C1A7800038FAA6 /* Sources */ = {
			isa = PBXSourcesBuildPhase;
			buildActionMask = 2147483647;
			files = (
				95D1B10922D0482A00051EC6 /* TableViewCell.swift in Sources */,
				9547BCB022C9AB1C0038FAA6 /* ParseConvenience.swift in Sources */,
				95D1B10722D03F3300051EC6 /* TableViewController.swift in Sources */,
				9547BCAC22C9A5550038FAA6 /* StudentInformation.swift in Sources */,
				957B8E6E22D4FB5E00371F62 /* StudentLocations.swift in Sources */,
				9540510422D2425300D7BB62 /* Url.swift in Sources */,
				9547BCB622CAED8A0038FAA6 /* UdacityConvenience.swift in Sources */,
				9547BC9722C1A7800038FAA6 /* MapViewController.swift in Sources */,
				95D1B10222D01E6100051EC6 /* TabBarViewController.swift in Sources */,
				95D1B10522D0282A00051EC6 /* Notification.Name.swift in Sources */,
				9563FD0E22D3E71D005B7CF7 /* Spinner.swift in Sources */,
				954050FF22D2331B00D7BB62 /* SearchFinishViewController.swift in Sources */,
				95534DF822CF7533004DFB03 /* GCDBlackBox.swift in Sources */,
				9547BC9522C1A7800038FAA6 /* AppDelegate.swift in Sources */,
				954050FB22D22BC400D7BB62 /* BorderedButton.swift in Sources */,
				95BFF4CC22CD770A002F00DD /* Constants.swift in Sources */,
				9547BCB422CAEC490038FAA6 /* LoginViewController.swift in Sources */,
				9547BCA922C991FA0038FAA6 /* Parse.swift in Sources */,
				9547BCB222C9ADE30038FAA6 /* Client.swift in Sources */,
				954050FD22D232FF00D7BB62 /* SearchAddViewController.swift in Sources */,
				9563FD0C22D3E701005B7CF7 /* Alert.swift in Sources */,
				9547BCAE22C9A81E0038FAA6 /* Udacity.swift in Sources */,
			);
			runOnlyForDeploymentPostprocessing = 0;
		};
/* End PBXSourcesBuildPhase section */

/* Begin PBXVariantGroup section */
		9547BC9822C1A7800038FAA6 /* Main.storyboard */ = {
			isa = PBXVariantGroup;
			children = (
				9547BC9922C1A7800038FAA6 /* Base */,
			);
			name = Main.storyboard;
			sourceTree = "<group>";
		};
		9547BC9D22C1A7820038FAA6 /* LaunchScreen.storyboard */ = {
			isa = PBXVariantGroup;
			children = (
				9547BC9E22C1A7820038FAA6 /* Base */,
			);
			name = LaunchScreen.storyboard;
			sourceTree = "<group>";
		};
/* End PBXVariantGroup section */

/* Begin XCBuildConfiguration section */
		9547BCA122C1A7820038FAA6 /* Debug */ = {
			isa = XCBuildConfiguration;
			buildSettings = {
				ALWAYS_SEARCH_USER_PATHS = NO;
				CLANG_ANALYZER_NONNULL = YES;
				CLANG_ANALYZER_NUMBER_OBJECT_CONVERSION = YES_AGGRESSIVE;
				CLANG_CXX_LANGUAGE_STANDARD = "gnu++14";
				CLANG_CXX_LIBRARY = "libc++";
				CLANG_ENABLE_MODULES = YES;
				CLANG_ENABLE_OBJC_ARC = YES;
				CLANG_ENABLE_OBJC_WEAK = YES;
				CLANG_WARN_BLOCK_CAPTURE_AUTORELEASING = YES;
				CLANG_WARN_BOOL_CONVERSION = YES;
				CLANG_WARN_COMMA = YES;
				CLANG_WARN_CONSTANT_CONVERSION = YES;
				CLANG_WARN_DEPRECATED_OBJC_IMPLEMENTATIONS = YES;
				CLANG_WARN_DIRECT_OBJC_ISA_USAGE = YES_ERROR;
				CLANG_WARN_DOCUMENTATION_COMMENTS = YES;
				CLANG_WARN_EMPTY_BODY = YES;
				CLANG_WARN_ENUM_CONVERSION = YES;
				CLANG_WARN_INFINITE_RECURSION = YES;
				CLANG_WARN_INT_CONVERSION = YES;
				CLANG_WARN_NON_LITERAL_NULL_CONVERSION = YES;
				CLANG_WARN_OBJC_IMPLICIT_RETAIN_SELF = YES;
				CLANG_WARN_OBJC_LITERAL_CONVERSION = YES;
				CLANG_WARN_OBJC_ROOT_CLASS = YES_ERROR;
				CLANG_WARN_RANGE_LOOP_ANALYSIS = YES;
				CLANG_WARN_STRICT_PROTOTYPES = YES;
				CLANG_WARN_SUSPICIOUS_MOVE = YES;
				CLANG_WARN_UNGUARDED_AVAILABILITY = YES_AGGRESSIVE;
				CLANG_WARN_UNREACHABLE_CODE = YES;
				CLANG_WARN__DUPLICATE_METHOD_MATCH = YES;
				CODE_SIGN_IDENTITY = "iPhone Developer";
				COPY_PHASE_STRIP = NO;
				DEBUG_INFORMATION_FORMAT = dwarf;
				ENABLE_STRICT_OBJC_MSGSEND = YES;
				ENABLE_TESTABILITY = YES;
				GCC_C_LANGUAGE_STANDARD = gnu11;
				GCC_DYNAMIC_NO_PIC = NO;
				GCC_NO_COMMON_BLOCKS = YES;
				GCC_OPTIMIZATION_LEVEL = 0;
				GCC_PREPROCESSOR_DEFINITIONS = (
					"DEBUG=1",
					"$(inherited)",
				);
				GCC_WARN_64_TO_32_BIT_CONVERSION = YES;
				GCC_WARN_ABOUT_RETURN_TYPE = YES_ERROR;
				GCC_WARN_UNDECLARED_SELECTOR = YES;
				GCC_WARN_UNINITIALIZED_AUTOS = YES_AGGRESSIVE;
				GCC_WARN_UNUSED_FUNCTION = YES;
				GCC_WARN_UNUSED_VARIABLE = YES;
				IPHONEOS_DEPLOYMENT_TARGET = 12.2;
				MTL_ENABLE_DEBUG_INFO = INCLUDE_SOURCE;
				MTL_FAST_MATH = YES;
				ONLY_ACTIVE_ARCH = YES;
				SDKROOT = iphoneos;
				SWIFT_ACTIVE_COMPILATION_CONDITIONS = DEBUG;
				SWIFT_OPTIMIZATION_LEVEL = "-Onone";
			};
			name = Debug;
		};
		9547BCA222C1A7820038FAA6 /* Release */ = {
			isa = XCBuildConfiguration;
			buildSettings = {
				ALWAYS_SEARCH_USER_PATHS = NO;
				CLANG_ANALYZER_NONNULL = YES;
				CLANG_ANALYZER_NUMBER_OBJECT_CONVERSION = YES_AGGRESSIVE;
				CLANG_CXX_LANGUAGE_STANDARD = "gnu++14";
				CLANG_CXX_LIBRARY = "libc++";
				CLANG_ENABLE_MODULES = YES;
				CLANG_ENABLE_OBJC_ARC = YES;
				CLANG_ENABLE_OBJC_WEAK = YES;
				CLANG_WARN_BLOCK_CAPTURE_AUTORELEASING = YES;
				CLANG_WARN_BOOL_CONVERSION = YES;
				CLANG_WARN_COMMA = YES;
				CLANG_WARN_CONSTANT_CONVERSION = YES;
				CLANG_WARN_DEPRECATED_OBJC_IMPLEMENTATIONS = YES;
				CLANG_WARN_DIRECT_OBJC_ISA_USAGE = YES_ERROR;
				CLANG_WARN_DOCUMENTATION_COMMENTS = YES;
				CLANG_WARN_EMPTY_BODY = YES;
				CLANG_WARN_ENUM_CONVERSION = YES;
				CLANG_WARN_INFINITE_RECURSION = YES;
				CLANG_WARN_INT_CONVERSION = YES;
				CLANG_WARN_NON_LITERAL_NULL_CONVERSION = YES;
				CLANG_WARN_OBJC_IMPLICIT_RETAIN_SELF = YES;
				CLANG_WARN_OBJC_LITERAL_CONVERSION = YES;
				CLANG_WARN_OBJC_ROOT_CLASS = YES_ERROR;
				CLANG_WARN_RANGE_LOOP_ANALYSIS = YES;
				CLANG_WARN_STRICT_PROTOTYPES = YES;
				CLANG_WARN_SUSPICIOUS_MOVE = YES;
				CLANG_WARN_UNGUARDED_AVAILABILITY = YES_AGGRESSIVE;
				CLANG_WARN_UNREACHABLE_CODE = YES;
				CLANG_WARN__DUPLICATE_METHOD_MATCH = YES;
				CODE_SIGN_IDENTITY = "iPhone Developer";
				COPY_PHASE_STRIP = NO;
				DEBUG_INFORMATION_FORMAT = "dwarf-with-dsym";
				ENABLE_NS_ASSERTIONS = NO;
				ENABLE_STRICT_OBJC_MSGSEND = YES;
				GCC_C_LANGUAGE_STANDARD = gnu11;
				GCC_NO_COMMON_BLOCKS = YES;
				GCC_WARN_64_TO_32_BIT_CONVERSION = YES;
				GCC_WARN_ABOUT_RETURN_TYPE = YES_ERROR;
				GCC_WARN_UNDECLARED_SELECTOR = YES;
				GCC_WARN_UNINITIALIZED_AUTOS = YES_AGGRESSIVE;
				GCC_WARN_UNUSED_FUNCTION = YES;
				GCC_WARN_UNUSED_VARIABLE = YES;
				IPHONEOS_DEPLOYMENT_TARGET = 12.2;
				MTL_ENABLE_DEBUG_INFO = NO;
				MTL_FAST_MATH = YES;
				SDKROOT = iphoneos;
				SWIFT_COMPILATION_MODE = wholemodule;
				SWIFT_OPTIMIZATION_LEVEL = "-O";
				VALIDATE_PRODUCT = YES;
			};
			name = Release;
		};
		9547BCA422C1A7820038FAA6 /* Debug */ = {
			isa = XCBuildConfiguration;
			buildSettings = {
				ASSETCATALOG_COMPILER_APPICON_NAME = AppIcon;
				CODE_SIGN_STYLE = Automatic;
				DEVELOPMENT_TEAM = 2L4CDS75BZ;
				INFOPLIST_FILE = OnTheMap/Info.plist;
				LD_RUNPATH_SEARCH_PATHS = (
					"$(inherited)",
					"@executable_path/Frameworks",
				);
				PRODUCT_BUNDLE_IDENTIFIER = com.edwardmorton.OnTheMap;
				PRODUCT_NAME = "$(TARGET_NAME)";
				SWIFT_VERSION = 5.0;
				TARGETED_DEVICE_FAMILY = "1,2";
			};
			name = Debug;
		};
		9547BCA522C1A7820038FAA6 /* Release */ = {
			isa = XCBuildConfiguration;
			buildSettings = {
				ASSETCATALOG_COMPILER_APPICON_NAME = AppIcon;
				CODE_SIGN_STYLE = Automatic;
				DEVELOPMENT_TEAM = 2L4CDS75BZ;
				INFOPLIST_FILE = OnTheMap/Info.plist;
				LD_RUNPATH_SEARCH_PATHS = (
					"$(inherited)",
					"@executable_path/Frameworks",
				);
				PRODUCT_BUNDLE_IDENTIFIER = com.edwardmorton.OnTheMap;
				PRODUCT_NAME = "$(TARGET_NAME)";
				SWIFT_VERSION = 5.0;
				TARGETED_DEVICE_FAMILY = "1,2";
			};
			name = Release;
		};
/* End XCBuildConfiguration section */

/* Begin XCConfigurationList section */
		9547BC8C22C1A7800038FAA6 /* Build configuration list for PBXProject "OnTheMap" */ = {
			isa = XCConfigurationList;
			buildConfigurations = (
				9547BCA122C1A7820038FAA6 /* Debug */,
				9547BCA222C1A7820038FAA6 /* Release */,
			);
			defaultConfigurationIsVisible = 0;
			defaultConfigurationName = Release;
		};
		9547BCA322C1A7820038FAA6 /* Build configuration list for PBXNativeTarget "OnTheMap" */ = {
			isa = XCConfigurationList;
			buildConfigurations = (
				9547BCA422C1A7820038FAA6 /* Debug */,
				9547BCA522C1A7820038FAA6 /* Release */,
			);
			defaultConfigurationIsVisible = 0;
			defaultConfigurationName = Release;
		};
/* End XCConfigurationList section */
	};
	rootObject = 9547BC8922C1A7800038FAA6 /* Project object */;
}
